{
    "_meta": {
        "hash": {
            "sha256": "48d6bfe3c7fcbfd37d98cc67de5e827c5b77e51c0cba71b4717dab5471ee0f60"
        },
        "pipfile-spec": 6,
        "requires": {
            "python_version": "3.7"
        },
        "sources": [
            {
                "name": "pypi",
                "url": "https://pypi.org/simple",
                "verify_ssl": true
            }
        ]
    },
    "default": {
        "pyqt5": {
            "hashes": [
                "sha256:5b64231a569913bccbf5cef36070a1c67328b3fd081e7c97b66b0d720b553ab4",
                "sha256:ac95e7430ee65dd3690a4f06a31a14ef8b0e507e1e7003179b6622759043b60c",
                "sha256:afeceb2aa02bcd426ed58cf7a0b2de4b6d0b2a5c81f1587493acc08df4807ee8",
                "sha256:eb9a0c732c78c379730e25c51d35b1f83faeea059e9ccb4dbe115f9c226c4739"
            ],
            "index": "pypi",
            "version": "==5.12.3"
        },
        "pyqt5-sip": {
            "hashes": [
                "sha256:0c05e357c8b781458cebb120e84aae0dad9ffc9a8742959e8564d372c1a4fb9a",
                "sha256:0d76935d8a0115868fd10599c9c58adb1293e76f5fa9740b6e5e205be55ae5f1",
                "sha256:10fa57551cea3d06604c4bcb7f24bf4d0f1f2d11021f6c4de0f880e5e4bd1e77",
                "sha256:41c1ff4859ef9b8b7db4c6a09229471378dfe7095cf96ad2c1ea4d6753340d20",
                "sha256:4db3f0b1b63311780158d467cfb61be0fbf189141dd5f5ce597e0faeb8f227eb",
                "sha256:5db5fdd2280d17c669e337f5ab9a8f0b1091028b9c2a97541aff6e59571e469c",
                "sha256:5e8bcb8bbc3b83d4d6142d2c3188e06bd6062bab132e240b8da42fb80e6dd3ba",
                "sha256:7caca9ab0639ecc187e716c07edd285da314ad30f3ec729bcc6b62ea62171cf5",
                "sha256:8ed141db021103d9c196f6f297e39b3ade1b06f0ebbd3fe7e9101fac6e8974dd",
                "sha256:9d5e33850c5566f4e2da9c244e7f2beb87cab980567d4df902c2953308271df7",
                "sha256:a373e19e3679408bf0cee0a6591360e6d3383498b1d75ce8f303ab658f1914d5",
                "sha256:aab3d79ad9c7b6652f7d740b27c672dc9e6a21311b68f9fbbe33d8fdd086c73e",
                "sha256:b62a4aced469e9bcec88450e2a00df31d754c82b97457cd611615807526682ff",
                "sha256:c1e1d6e1496a17e025f66a258e8c4011c4da223937789dbf2d0279516c948fdc",
                "sha256:d949b067ff499bf8df132f5ccb5dba48a0b17285903eb4d5210f55c14da7cc10",
                "sha256:dcadf1593b5891ddb21df4ac943d720d9da22be2a686ad73621ca86d1f72dafe"
            ],
            "version": "==4.19.17"
        }
    },
    "develop": {
        "entrypoints": {
            "hashes": [
                "sha256:589f874b313739ad35be6e0cd7efde2a4e9b6fea91edcc34e58ecbb8dbe56d19",
                "sha256:c70dd71abe5a8c85e55e12c19bd91ccfeec11a6e99044204511f9ed547d48451"
            ],
            "version": "==0.3"
        },
        "flake8": {
            "hashes": [
                "sha256:859996073f341f2670741b51ec1e67a01da142831aa1fdc6242dbf88dffbe661",
                "sha256:a796a115208f5c03b18f332f7c11729812c8c3ded6c46319c59b53efd3819da8"
            ],
            "index": "pypi",
            "version": "==3.7.7"
        },
        "mccabe": {
            "hashes": [
                "sha256:ab8a6258860da4b6677da4bd2fe5dc2c659cff31b3ee4f7f5d64e79735b80d42",
                "sha256:dd8d182285a0fe56bace7f45b5e7d1a6ebcbf524e8f3bd87eb0f125271b8831f"
            ],
            "version": "==0.6.1"
        },
        "pycodestyle": {
            "hashes": [
                "sha256:95a2219d12372f05704562a14ec30bc76b05a5b297b21a5dfe3f6fac3491ae56",
                "sha256:e40a936c9a450ad81df37f549d676d127b1b66000a6c500caa2b085bc0ca976c"
            ],
            "version": "==2.5.0"
        },
        "pyflakes": {
            "hashes": [
                "sha256:17dbeb2e3f4d772725c777fabc446d5634d1038f234e77343108ce445ea69ce0",
                "sha256:d976835886f8c5b31d47970ed689944a0262b5f3afa00a5a7b4dc81e5449f8a2"
            ],
            "version": "==2.1.1"
        }
    }
}
